// !$*UTF8*$!
{
	archiveVersion = 1;
	classes = {
	};
	objectVersion = 46;
	objects = {

/* Begin PBXBuildFile section */
		02B0C8A72120A526C4577FF9 /* Pods_INGVVL.framework in Frameworks */ = {isa = PBXBuildFile; fileRef = 3D236CD8A04EEA6016D1F667 /* Pods_INGVVL.framework */; };
		042793D2EB16F8AA2703F251 /* Pods_INGVVLTests.framework in Frameworks */ = {isa = PBXBuildFile; fileRef = C39A1C2B9A7EC39EF272D308 /* Pods_INGVVLTests.framework */; };
		3EB8DF971F6B0C6A00058E6E /* ResponseModel.swift in Sources */ = {isa = PBXBuildFile; fileRef = 3EB8DF961F6B0C6A00058E6E /* ResponseModel.swift */; };
		3EB8DF9A1F6B122400058E6E /* AppearanceProxyHelper.swift in Sources */ = {isa = PBXBuildFile; fileRef = 3EB8DF991F6B122400058E6E /* AppearanceProxyHelper.swift */; };
		3EB8DF9C1F6B125900058E6E /* ColorPallete.swift in Sources */ = {isa = PBXBuildFile; fileRef = 3EB8DF9B1F6B125900058E6E /* ColorPallete.swift */; };
		3EB8DF9E1F6B127600058E6E /* AccountsViewController.swift in Sources */ = {isa = PBXBuildFile; fileRef = 3EB8DF9D1F6B127600058E6E /* AccountsViewController.swift */; };
		3EB8DFA01F6B140900058E6E /* AccountDetailsViewController.swift in Sources */ = {isa = PBXBuildFile; fileRef = 3EB8DF9F1F6B140900058E6E /* AccountDetailsViewController.swift */; };
		3EB8DFA21F6B148000058E6E /* AccountView.swift in Sources */ = {isa = PBXBuildFile; fileRef = 3EB8DFA11F6B148000058E6E /* AccountView.swift */; };
		3EF797A41F6A95B500A70DE2 /* mock.json in Resources */ = {isa = PBXBuildFile; fileRef = 3EF797A31F6A95B500A70DE2 /* mock.json */; };
		3EF797A61F6A97FA00A70DE2 /* FirstSpec.swift in Sources */ = {isa = PBXBuildFile; fileRef = 3EF797A51F6A97FA00A70DE2 /* FirstSpec.swift */; };
		3EF797AB1F6AB0A600A70DE2 /* AccountsTableView.swift in Sources */ = {isa = PBXBuildFile; fileRef = 3EF797AA1F6AB0A600A70DE2 /* AccountsTableView.swift */; };
		3EF797AD1F6AB0E800A70DE2 /* AccountModel.swift in Sources */ = {isa = PBXBuildFile; fileRef = 3EF797AC1F6AB0E800A70DE2 /* AccountModel.swift */; };
		3EF797B31F6AB41100A70DE2 /* ItemsTableViewDatasource.swift in Sources */ = {isa = PBXBuildFile; fileRef = 3EF797B11F6AB41100A70DE2 /* ItemsTableViewDatasource.swift */; };
		3EF797B61F6AB4D900A70DE2 /* AccountTableCell.swift in Sources */ = {isa = PBXBuildFile; fileRef = 3EF797B41F6AB4D900A70DE2 /* AccountTableCell.swift */; };
		3EF797B71F6AB4D900A70DE2 /* AccountsDatasource.swift in Sources */ = {isa = PBXBuildFile; fileRef = 3EF797B51F6AB4D900A70DE2 /* AccountsDatasource.swift */; };
		3EF797B91F6AB54C00A70DE2 /* AccountRowView.swift in Sources */ = {isa = PBXBuildFile; fileRef = 3EF797B81F6AB54C00A70DE2 /* AccountRowView.swift */; };
		3EF797BC1F6AB61800A70DE2 /* ViewConfiguration.swift in Sources */ = {isa = PBXBuildFile; fileRef = 3EF797BB1F6AB61800A70DE2 /* ViewConfiguration.swift */; };
		3EF797BE1F6AC80900A70DE2 /* AccountsContainerView.swift in Sources */ = {isa = PBXBuildFile; fileRef = 3EF797BD1F6AC80900A70DE2 /* AccountsContainerView.swift */; };
		C99A2DA51F699BEF002E0C6C /* AppDelegate.swift in Sources */ = {isa = PBXBuildFile; fileRef = C99A2DA41F699BEF002E0C6C /* AppDelegate.swift */; };
		C99A2DAC1F699BEF002E0C6C /* Assets.xcassets in Resources */ = {isa = PBXBuildFile; fileRef = C99A2DAB1F699BEF002E0C6C /* Assets.xcassets */; };
		C99A2DAF1F699BEF002E0C6C /* LaunchScreen.storyboard in Resources */ = {isa = PBXBuildFile; fileRef = C99A2DAD1F699BEF002E0C6C /* LaunchScreen.storyboard */; };
		C99A2DBA1F699BEF002E0C6C /* INGVVLTests.swift in Sources */ = {isa = PBXBuildFile; fileRef = C99A2DB91F699BEF002E0C6C /* INGVVLTests.swift */; };
		CC7871D223E4C419A8088E16 /* Pods_INGVVL_Tests_INGVVLTests.framework in Frameworks */ = {isa = PBXBuildFile; fileRef = 0EB0D1356C067835F4A04D15 /* Pods_INGVVL_Tests_INGVVLTests.framework */; };
/* End PBXBuildFile section */

/* Begin PBXContainerItemProxy section */
		C99A2DB61F699BEF002E0C6C /* PBXContainerItemProxy */ = {
			isa = PBXContainerItemProxy;
			containerPortal = C99A2D991F699BEF002E0C6C /* Project object */;
			proxyType = 1;
			remoteGlobalIDString = C99A2DA01F699BEF002E0C6C;
			remoteInfo = INGVVL;
		};
/* End PBXContainerItemProxy section */

/* Begin PBXFileReference section */
		0EB0D1356C067835F4A04D15 /* Pods_INGVVL_Tests_INGVVLTests.framework */ = {isa = PBXFileReference; explicitFileType = wrapper.framework; includeInIndex = 0; path = Pods_INGVVL_Tests_INGVVLTests.framework; sourceTree = BUILT_PRODUCTS_DIR; };
		143045DF6E73F992218A27FE /* Pods-INGVVL-Tests-INGVVLTests.debug.xcconfig */ = {isa = PBXFileReference; includeInIndex = 1; lastKnownFileType = text.xcconfig; name = "Pods-INGVVL-Tests-INGVVLTests.debug.xcconfig"; path = "Pods/Target Support Files/Pods-INGVVL-Tests-INGVVLTests/Pods-INGVVL-Tests-INGVVLTests.debug.xcconfig"; sourceTree = "<group>"; };
		37BDCEE2EB0EB27DE425B951 /* Pods-INGVVLTests.release.xcconfig */ = {isa = PBXFileReference; includeInIndex = 1; lastKnownFileType = text.xcconfig; name = "Pods-INGVVLTests.release.xcconfig"; path = "Pods/Target Support Files/Pods-INGVVLTests/Pods-INGVVLTests.release.xcconfig"; sourceTree = "<group>"; };
		3A21D4E4F019F3CC8F1A2C94 /* Pods-INGVVL.debug.xcconfig */ = {isa = PBXFileReference; includeInIndex = 1; lastKnownFileType = text.xcconfig; name = "Pods-INGVVL.debug.xcconfig"; path = "Pods/Target Support Files/Pods-INGVVL/Pods-INGVVL.debug.xcconfig"; sourceTree = "<group>"; };
		3D236CD8A04EEA6016D1F667 /* Pods_INGVVL.framework */ = {isa = PBXFileReference; explicitFileType = wrapper.framework; includeInIndex = 0; path = Pods_INGVVL.framework; sourceTree = BUILT_PRODUCTS_DIR; };
		3EB8DF961F6B0C6A00058E6E /* ResponseModel.swift */ = {isa = PBXFileReference; fileEncoding = 4; lastKnownFileType = sourcecode.swift; name = ResponseModel.swift; path = Account/ResponseModel.swift; sourceTree = "<group>"; };
		3EB8DF991F6B122400058E6E /* AppearanceProxyHelper.swift */ = {isa = PBXFileReference; fileEncoding = 4; lastKnownFileType = sourcecode.swift; name = AppearanceProxyHelper.swift; path = Appearance/AppearanceProxyHelper.swift; sourceTree = "<group>"; };
		3EB8DF9B1F6B125900058E6E /* ColorPallete.swift */ = {isa = PBXFileReference; fileEncoding = 4; lastKnownFileType = sourcecode.swift; name = ColorPallete.swift; path = Appearance/ColorPallete.swift; sourceTree = "<group>"; };
		3EB8DF9D1F6B127600058E6E /* AccountsViewController.swift */ = {isa = PBXFileReference; fileEncoding = 4; lastKnownFileType = sourcecode.swift; name = AccountsViewController.swift; path = Account/AccountsViewController.swift; sourceTree = "<group>"; };
		3EB8DF9F1F6B140900058E6E /* AccountDetailsViewController.swift */ = {isa = PBXFileReference; fileEncoding = 4; lastKnownFileType = sourcecode.swift; name = AccountDetailsViewController.swift; path = Account/AccountDetailsViewController.swift; sourceTree = "<group>"; };
		3EB8DFA11F6B148000058E6E /* AccountView.swift */ = {isa = PBXFileReference; fileEncoding = 4; lastKnownFileType = sourcecode.swift; name = AccountView.swift; path = Account/AccountView.swift; sourceTree = "<group>"; };
		3EF797A31F6A95B500A70DE2 /* mock.json */ = {isa = PBXFileReference; fileEncoding = 4; lastKnownFileType = text.json; path = mock.json; sourceTree = "<group>"; };
		3EF797A51F6A97FA00A70DE2 /* FirstSpec.swift */ = {isa = PBXFileReference; fileEncoding = 4; lastKnownFileType = sourcecode.swift; path = FirstSpec.swift; sourceTree = "<group>"; };
		3EF797AA1F6AB0A600A70DE2 /* AccountsTableView.swift */ = {isa = PBXFileReference; fileEncoding = 4; lastKnownFileType = sourcecode.swift; name = AccountsTableView.swift; path = Account/AccountsTableView.swift; sourceTree = "<group>"; };
		3EF797AC1F6AB0E800A70DE2 /* AccountModel.swift */ = {isa = PBXFileReference; fileEncoding = 4; lastKnownFileType = sourcecode.swift; name = AccountModel.swift; path = Account/AccountModel.swift; sourceTree = "<group>"; };
		3EF797B11F6AB41100A70DE2 /* ItemsTableViewDatasource.swift */ = {isa = PBXFileReference; fileEncoding = 4; lastKnownFileType = sourcecode.swift; path = ItemsTableViewDatasource.swift; sourceTree = "<group>"; };
		3EF797B41F6AB4D900A70DE2 /* AccountTableCell.swift */ = {isa = PBXFileReference; fileEncoding = 4; lastKnownFileType = sourcecode.swift; name = AccountTableCell.swift; path = Account/AccountTableCell.swift; sourceTree = "<group>"; };
		3EF797B51F6AB4D900A70DE2 /* AccountsDatasource.swift */ = {isa = PBXFileReference; fileEncoding = 4; lastKnownFileType = sourcecode.swift; name = AccountsDatasource.swift; path = Account/AccountsDatasource.swift; sourceTree = "<group>"; };
		3EF797B81F6AB54C00A70DE2 /* AccountRowView.swift */ = {isa = PBXFileReference; fileEncoding = 4; lastKnownFileType = sourcecode.swift; name = AccountRowView.swift; path = Account/AccountRowView.swift; sourceTree = "<group>"; };
		3EF797BB1F6AB61800A70DE2 /* ViewConfiguration.swift */ = {isa = PBXFileReference; fileEncoding = 4; lastKnownFileType = sourcecode.swift; path = ViewConfiguration.swift; sourceTree = "<group>"; };
		3EF797BD1F6AC80900A70DE2 /* AccountsContainerView.swift */ = {isa = PBXFileReference; fileEncoding = 4; lastKnownFileType = sourcecode.swift; name = AccountsContainerView.swift; path = Account/AccountsContainerView.swift; sourceTree = "<group>"; };
		9CFEDB0A0FBD5D4020A8D4D5 /* Pods-INGVVLTests.debug.xcconfig */ = {isa = PBXFileReference; includeInIndex = 1; lastKnownFileType = text.xcconfig; name = "Pods-INGVVLTests.debug.xcconfig"; path = "Pods/Target Support Files/Pods-INGVVLTests/Pods-INGVVLTests.debug.xcconfig"; sourceTree = "<group>"; };
		A720CEB17638E58AD829E76D /* Pods-INGVVL.release.xcconfig */ = {isa = PBXFileReference; includeInIndex = 1; lastKnownFileType = text.xcconfig; name = "Pods-INGVVL.release.xcconfig"; path = "Pods/Target Support Files/Pods-INGVVL/Pods-INGVVL.release.xcconfig"; sourceTree = "<group>"; };
		C39A1C2B9A7EC39EF272D308 /* Pods_INGVVLTests.framework */ = {isa = PBXFileReference; explicitFileType = wrapper.framework; includeInIndex = 0; path = Pods_INGVVLTests.framework; sourceTree = BUILT_PRODUCTS_DIR; };
		C99A2DA11F699BEF002E0C6C /* INGVVL.app */ = {isa = PBXFileReference; explicitFileType = wrapper.application; includeInIndex = 0; path = INGVVL.app; sourceTree = BUILT_PRODUCTS_DIR; };
		C99A2DA41F699BEF002E0C6C /* AppDelegate.swift */ = {isa = PBXFileReference; lastKnownFileType = sourcecode.swift; path = AppDelegate.swift; sourceTree = "<group>"; };
		C99A2DAB1F699BEF002E0C6C /* Assets.xcassets */ = {isa = PBXFileReference; lastKnownFileType = folder.assetcatalog; path = Assets.xcassets; sourceTree = "<group>"; };
		C99A2DAE1F699BEF002E0C6C /* Base */ = {isa = PBXFileReference; lastKnownFileType = file.storyboard; name = Base; path = Base.lproj/LaunchScreen.storyboard; sourceTree = "<group>"; };
		C99A2DB01F699BEF002E0C6C /* Info.plist */ = {isa = PBXFileReference; lastKnownFileType = text.plist.xml; path = Info.plist; sourceTree = "<group>"; };
		C99A2DB51F699BEF002E0C6C /* INGVVLTests.xctest */ = {isa = PBXFileReference; explicitFileType = wrapper.cfbundle; includeInIndex = 0; path = INGVVLTests.xctest; sourceTree = BUILT_PRODUCTS_DIR; };
		C99A2DB91F699BEF002E0C6C /* INGVVLTests.swift */ = {isa = PBXFileReference; lastKnownFileType = sourcecode.swift; path = INGVVLTests.swift; sourceTree = "<group>"; };
		C99A2DBB1F699BEF002E0C6C /* Info.plist */ = {isa = PBXFileReference; lastKnownFileType = text.plist.xml; path = Info.plist; sourceTree = "<group>"; };
		D875C0371D2B85954B85C417 /* Pods-INGVVL-Tests-INGVVLTests.release.xcconfig */ = {isa = PBXFileReference; includeInIndex = 1; lastKnownFileType = text.xcconfig; name = "Pods-INGVVL-Tests-INGVVLTests.release.xcconfig"; path = "Pods/Target Support Files/Pods-INGVVL-Tests-INGVVLTests/Pods-INGVVL-Tests-INGVVLTests.release.xcconfig"; sourceTree = "<group>"; };
/* End PBXFileReference section */

/* Begin PBXFrameworksBuildPhase section */
		C99A2D9E1F699BEF002E0C6C /* Frameworks */ = {
			isa = PBXFrameworksBuildPhase;
			buildActionMask = 2147483647;
			files = (
				02B0C8A72120A526C4577FF9 /* Pods_INGVVL.framework in Frameworks */,
			);
			runOnlyForDeploymentPostprocessing = 0;
		};
		C99A2DB21F699BEF002E0C6C /* Frameworks */ = {
			isa = PBXFrameworksBuildPhase;
			buildActionMask = 2147483647;
			files = (
				042793D2EB16F8AA2703F251 /* Pods_INGVVLTests.framework in Frameworks */,
				CC7871D223E4C419A8088E16 /* Pods_INGVVL_Tests_INGVVLTests.framework in Frameworks */,
			);
			runOnlyForDeploymentPostprocessing = 0;
		};
/* End PBXFrameworksBuildPhase section */

/* Begin PBXGroup section */
		15AF7493C665F02547B746E1 /* Frameworks */ = {
			isa = PBXGroup;
			children = (
				3D236CD8A04EEA6016D1F667 /* Pods_INGVVL.framework */,
				C39A1C2B9A7EC39EF272D308 /* Pods_INGVVLTests.framework */,
				0EB0D1356C067835F4A04D15 /* Pods_INGVVL_Tests_INGVVLTests.framework */,
			);
			name = Frameworks;
			sourceTree = "<group>";
		};
		3EB8DF981F6B121600058E6E /* Appearance */ = {
			isa = PBXGroup;
			children = (
				3EB8DF991F6B122400058E6E /* AppearanceProxyHelper.swift */,
				3EB8DF9B1F6B125900058E6E /* ColorPallete.swift */,
			);
			name = Appearance;
			sourceTree = "<group>";
		};
		3EB8DFA31F6B313A00058E6E /* Helper */ = {
			isa = PBXGroup;
			children = (
			);
			path = Helper;
			sourceTree = "<group>";
		};
		3EF797A21F6A958200A70DE2 /* Mock */ = {
			isa = PBXGroup;
			children = (
				3EF797A31F6A95B500A70DE2 /* mock.json */,
			);
			path = Mock;
			sourceTree = "<group>";
		};
		3EF797A91F6AB00700A70DE2 /* Account */ = {
			isa = PBXGroup;
			children = (
				3EB8DFA11F6B148000058E6E /* AccountView.swift */,
				3EB8DF9F1F6B140900058E6E /* AccountDetailsViewController.swift */,
				3EB8DF9D1F6B127600058E6E /* AccountsViewController.swift */,
				3EF797BD1F6AC80900A70DE2 /* AccountsContainerView.swift */,
				3EF797B81F6AB54C00A70DE2 /* AccountRowView.swift */,
				3EF797B41F6AB4D900A70DE2 /* AccountTableCell.swift */,
				3EF797B51F6AB4D900A70DE2 /* AccountsDatasource.swift */,
				3EF797AA1F6AB0A600A70DE2 /* AccountsTableView.swift */,
				3EF797AC1F6AB0E800A70DE2 /* AccountModel.swift */,
				3EB8DF961F6B0C6A00058E6E /* ResponseModel.swift */,
			);
			name = Account;
			sourceTree = "<group>";
		};
		3EF797AE1F6AB38B00A70DE2 /* Datasource */ = {
			isa = PBXGroup;
			children = (
				3EF797B11F6AB41100A70DE2 /* ItemsTableViewDatasource.swift */,
			);
			path = Datasource;
			sourceTree = "<group>";
		};
		3EF797BA1F6AB5F700A70DE2 /* View */ = {
			isa = PBXGroup;
			children = (
				3EF797BB1F6AB61800A70DE2 /* ViewConfiguration.swift */,
			);
			path = View;
			sourceTree = "<group>";
		};
		C99A2D981F699BEF002E0C6C = {
			isa = PBXGroup;
			children = (
				C99A2DA31F699BEF002E0C6C /* INGVVL */,
				C99A2DB81F699BEF002E0C6C /* INGVVLTests */,
				C99A2DA21F699BEF002E0C6C /* Products */,
				FC0195DD40E5EF83B3FD85CD /* Pods */,
				15AF7493C665F02547B746E1 /* Frameworks */,
			);
			sourceTree = "<group>";
		};
		C99A2DA21F699BEF002E0C6C /* Products */ = {
			isa = PBXGroup;
			children = (
				C99A2DA11F699BEF002E0C6C /* INGVVL.app */,
				C99A2DB51F699BEF002E0C6C /* INGVVLTests.xctest */,
			);
			name = Products;
			sourceTree = "<group>";
		};
		C99A2DA31F699BEF002E0C6C /* INGVVL */ = {
			isa = PBXGroup;
			children = (
				3EB8DFA31F6B313A00058E6E /* Helper */,
				3EB8DF981F6B121600058E6E /* Appearance */,
				3EF797BA1F6AB5F700A70DE2 /* View */,
				3EF797AE1F6AB38B00A70DE2 /* Datasource */,
				3EF797A91F6AB00700A70DE2 /* Account */,
				3EF797A21F6A958200A70DE2 /* Mock */,
				C99A2DA41F699BEF002E0C6C /* AppDelegate.swift */,
				C99A2DAB1F699BEF002E0C6C /* Assets.xcassets */,
				C99A2DAD1F699BEF002E0C6C /* LaunchScreen.storyboard */,
				C99A2DB01F699BEF002E0C6C /* Info.plist */,
			);
			path = INGVVL;
			sourceTree = "<group>";
		};
		C99A2DB81F699BEF002E0C6C /* INGVVLTests */ = {
			isa = PBXGroup;
			children = (
				C99A2DB91F699BEF002E0C6C /* INGVVLTests.swift */,
				C99A2DBB1F699BEF002E0C6C /* Info.plist */,
				3EF797A51F6A97FA00A70DE2 /* FirstSpec.swift */,
			);
			path = INGVVLTests;
			sourceTree = "<group>";
		};
		FC0195DD40E5EF83B3FD85CD /* Pods */ = {
			isa = PBXGroup;
			children = (
				3A21D4E4F019F3CC8F1A2C94 /* Pods-INGVVL.debug.xcconfig */,
				A720CEB17638E58AD829E76D /* Pods-INGVVL.release.xcconfig */,
				9CFEDB0A0FBD5D4020A8D4D5 /* Pods-INGVVLTests.debug.xcconfig */,
				37BDCEE2EB0EB27DE425B951 /* Pods-INGVVLTests.release.xcconfig */,
				143045DF6E73F992218A27FE /* Pods-INGVVL-Tests-INGVVLTests.debug.xcconfig */,
				D875C0371D2B85954B85C417 /* Pods-INGVVL-Tests-INGVVLTests.release.xcconfig */,
			);
			name = Pods;
			sourceTree = "<group>";
		};
/* End PBXGroup section */

/* Begin PBXNativeTarget section */
		C99A2DA01F699BEF002E0C6C /* INGVVL */ = {
			isa = PBXNativeTarget;
			buildConfigurationList = C99A2DBE1F699BEF002E0C6C /* Build configuration list for PBXNativeTarget "INGVVL" */;
			buildPhases = (
				E3F3D2461DEC8231646F1990 /* [CP] Check Pods Manifest.lock */,
				C99A2D9D1F699BEF002E0C6C /* Sources */,
				C99A2D9E1F699BEF002E0C6C /* Frameworks */,
				C99A2D9F1F699BEF002E0C6C /* Resources */,
				38AD57724239904CE12F5923 /* [CP] Embed Pods Frameworks */,
				E173D1584D4106E9C86F5E82 /* [CP] Copy Pods Resources */,
			);
			buildRules = (
			);
			dependencies = (
			);
			name = INGVVL;
			productName = INGVVL;
			productReference = C99A2DA11F699BEF002E0C6C /* INGVVL.app */;
			productType = "com.apple.product-type.application";
		};
		C99A2DB41F699BEF002E0C6C /* INGVVLTests */ = {
			isa = PBXNativeTarget;
			buildConfigurationList = C99A2DC11F699BEF002E0C6C /* Build configuration list for PBXNativeTarget "INGVVLTests" */;
			buildPhases = (
				E453460812CB2CD663CA846B /* [CP] Check Pods Manifest.lock */,
				C99A2DB11F699BEF002E0C6C /* Sources */,
				C99A2DB21F699BEF002E0C6C /* Frameworks */,
				C99A2DB31F699BEF002E0C6C /* Resources */,
				F53A6F32373FAB7711DC87A6 /* [CP] Embed Pods Frameworks */,
				0F9921403B34232879AC2D01 /* [CP] Copy Pods Resources */,
			);
			buildRules = (
			);
			dependencies = (
				C99A2DB71F699BEF002E0C6C /* PBXTargetDependency */,
			);
			name = INGVVLTests;
			productName = INGVVLTests;
			productReference = C99A2DB51F699BEF002E0C6C /* INGVVLTests.xctest */;
			productType = "com.apple.product-type.bundle.unit-test";
		};
/* End PBXNativeTarget section */

/* Begin PBXProject section */
		C99A2D991F699BEF002E0C6C /* Project object */ = {
			isa = PBXProject;
			attributes = {
				LastSwiftUpdateCheck = 0830;
				LastUpgradeCheck = 0830;
				ORGANIZATIONNAME = "Vitor Venturin Linhalis";
				TargetAttributes = {
					C99A2DA01F699BEF002E0C6C = {
						CreatedOnToolsVersion = 8.3.2;
						ProvisioningStyle = Manual;
					};
					C99A2DB41F699BEF002E0C6C = {
						CreatedOnToolsVersion = 8.3.2;
						ProvisioningStyle = Manual;
						TestTargetID = C99A2DA01F699BEF002E0C6C;
					};
				};
			};
			buildConfigurationList = C99A2D9C1F699BEF002E0C6C /* Build configuration list for PBXProject "INGVVL" */;
			compatibilityVersion = "Xcode 3.2";
			developmentRegion = English;
			hasScannedForEncodings = 0;
			knownRegions = (
				en,
				Base,
			);
			mainGroup = C99A2D981F699BEF002E0C6C;
			productRefGroup = C99A2DA21F699BEF002E0C6C /* Products */;
			projectDirPath = "";
			projectRoot = "";
			targets = (
				C99A2DA01F699BEF002E0C6C /* INGVVL */,
				C99A2DB41F699BEF002E0C6C /* INGVVLTests */,
			);
		};
/* End PBXProject section */

/* Begin PBXResourcesBuildPhase section */
		C99A2D9F1F699BEF002E0C6C /* Resources */ = {
			isa = PBXResourcesBuildPhase;
			buildActionMask = 2147483647;
			files = (
				C99A2DAF1F699BEF002E0C6C /* LaunchScreen.storyboard in Resources */,
				C99A2DAC1F699BEF002E0C6C /* Assets.xcassets in Resources */,
				3EF797A41F6A95B500A70DE2 /* mock.json in Resources */,
			);
			runOnlyForDeploymentPostprocessing = 0;
		};
		C99A2DB31F699BEF002E0C6C /* Resources */ = {
			isa = PBXResourcesBuildPhase;
			buildActionMask = 2147483647;
			files = (
			);
			runOnlyForDeploymentPostprocessing = 0;
		};
/* End PBXResourcesBuildPhase section */

/* Begin PBXShellScriptBuildPhase section */
		0F9921403B34232879AC2D01 /* [CP] Copy Pods Resources */ = {
			isa = PBXShellScriptBuildPhase;
			buildActionMask = 2147483647;
			files = (
			);
			inputPaths = (
			);
			name = "[CP] Copy Pods Resources";
			outputPaths = (
			);
			runOnlyForDeploymentPostprocessing = 0;
			shellPath = /bin/sh;
			shellScript = "\"${SRCROOT}/Pods/Target Support Files/Pods-INGVVL-Tests-INGVVLTests/Pods-INGVVL-Tests-INGVVLTests-resources.sh\"\n";
			showEnvVarsInLog = 0;
		};
		38AD57724239904CE12F5923 /* [CP] Embed Pods Frameworks */ = {
			isa = PBXShellScriptBuildPhase;
			buildActionMask = 2147483647;
			files = (
			);
			inputPaths = (
				"${SRCROOT}/Pods/Target Support Files/Pods-INGVVL/Pods-INGVVL-frameworks.sh",
				"${BUILT_PRODUCTS_DIR}/ObjectMapper/ObjectMapper.framework",
				"${BUILT_PRODUCTS_DIR}/Reusable/Reusable.framework",
				"${BUILT_PRODUCTS_DIR}/SnapKit/SnapKit.framework",
			);
			name = "[CP] Embed Pods Frameworks";
			outputPaths = (
				"${TARGET_BUILD_DIR}/${FRAMEWORKS_FOLDER_PATH}/ObjectMapper.framework",
				"${TARGET_BUILD_DIR}/${FRAMEWORKS_FOLDER_PATH}/Reusable.framework",
				"${TARGET_BUILD_DIR}/${FRAMEWORKS_FOLDER_PATH}/SnapKit.framework",
			);
			runOnlyForDeploymentPostprocessing = 0;
			shellPath = /bin/sh;
			shellScript = "\"${SRCROOT}/Pods/Target Support Files/Pods-INGVVL/Pods-INGVVL-frameworks.sh\"\n";
			showEnvVarsInLog = 0;
		};
		E173D1584D4106E9C86F5E82 /* [CP] Copy Pods Resources */ = {
			isa = PBXShellScriptBuildPhase;
			buildActionMask = 2147483647;
			files = (
			);
			inputPaths = (
			);
			name = "[CP] Copy Pods Resources";
			outputPaths = (
			);
			runOnlyForDeploymentPostprocessing = 0;
			shellPath = /bin/sh;
			shellScript = "\"${SRCROOT}/Pods/Target Support Files/Pods-INGVVL/Pods-INGVVL-resources.sh\"\n";
			showEnvVarsInLog = 0;
		};
		E3F3D2461DEC8231646F1990 /* [CP] Check Pods Manifest.lock */ = {
			isa = PBXShellScriptBuildPhase;
			buildActionMask = 2147483647;
			files = (
			);
			inputPaths = (
				"${PODS_PODFILE_DIR_PATH}/Podfile.lock",
				"${PODS_ROOT}/Manifest.lock",
			);
			name = "[CP] Check Pods Manifest.lock";
			outputPaths = (
				"$(DERIVED_FILE_DIR)/Pods-INGVVL-checkManifestLockResult.txt",
			);
			runOnlyForDeploymentPostprocessing = 0;
			shellPath = /bin/sh;
			shellScript = "diff \"${PODS_PODFILE_DIR_PATH}/Podfile.lock\" \"${PODS_ROOT}/Manifest.lock\" > /dev/null\nif [ $? != 0 ] ; then\n    # print error to STDERR\n    echo \"error: The sandbox is not in sync with the Podfile.lock. Run 'pod install' or update your CocoaPods installation.\" >&2\n    exit 1\nfi\n# This output is used by Xcode 'outputs' to avoid re-running this script phase.\necho \"SUCCESS\" > \"${SCRIPT_OUTPUT_FILE_0}\"\n";
			showEnvVarsInLog = 0;
		};
		E453460812CB2CD663CA846B /* [CP] Check Pods Manifest.lock */ = {
			isa = PBXShellScriptBuildPhase;
			buildActionMask = 2147483647;
			files = (
			);
			inputPaths = (
				"${PODS_PODFILE_DIR_PATH}/Podfile.lock",
				"${PODS_ROOT}/Manifest.lock",
			);
			name = "[CP] Check Pods Manifest.lock";
			outputPaths = (
				"$(DERIVED_FILE_DIR)/Pods-INGVVL-Tests-INGVVLTests-checkManifestLockResult.txt",
			);
			runOnlyForDeploymentPostprocessing = 0;
			shellPath = /bin/sh;
			shellScript = "diff \"${PODS_PODFILE_DIR_PATH}/Podfile.lock\" \"${PODS_ROOT}/Manifest.lock\" > /dev/null\nif [ $? != 0 ] ; then\n    # print error to STDERR\n    echo \"error: The sandbox is not in sync with the Podfile.lock. Run 'pod install' or update your CocoaPods installation.\" >&2\n    exit 1\nfi\n# This output is used by Xcode 'outputs' to avoid re-running this script phase.\necho \"SUCCESS\" > \"${SCRIPT_OUTPUT_FILE_0}\"\n";
			showEnvVarsInLog = 0;
		};
		F53A6F32373FAB7711DC87A6 /* [CP] Embed Pods Frameworks */ = {
			isa = PBXShellScriptBuildPhase;
			buildActionMask = 2147483647;
			files = (
			);
			inputPaths = (
				"${SRCROOT}/Pods/Target Support Files/Pods-INGVVL-Tests-INGVVLTests/Pods-INGVVL-Tests-INGVVLTests-frameworks.sh",
				"${BUILT_PRODUCTS_DIR}/ObjectMapper/ObjectMapper.framework",
				"${BUILT_PRODUCTS_DIR}/Reusable/Reusable.framework",
				"${BUILT_PRODUCTS_DIR}/SnapKit/SnapKit.framework",
				"${BUILT_PRODUCTS_DIR}/Nimble/Nimble.framework",
				"${BUILT_PRODUCTS_DIR}/Quick/Quick.framework",
			);
			name = "[CP] Embed Pods Frameworks";
			outputPaths = (
				"${TARGET_BUILD_DIR}/${FRAMEWORKS_FOLDER_PATH}/ObjectMapper.framework",
				"${TARGET_BUILD_DIR}/${FRAMEWORKS_FOLDER_PATH}/Reusable.framework",
				"${TARGET_BUILD_DIR}/${FRAMEWORKS_FOLDER_PATH}/SnapKit.framework",
				"${TARGET_BUILD_DIR}/${FRAMEWORKS_FOLDER_PATH}/Nimble.framework",
				"${TARGET_BUILD_DIR}/${FRAMEWORKS_FOLDER_PATH}/Quick.framework",
			);
			runOnlyForDeploymentPostprocessing = 0;
			shellPath = /bin/sh;
			shellScript = "\"${SRCROOT}/Pods/Target Support Files/Pods-INGVVL-Tests-INGVVLTests/Pods-INGVVL-Tests-INGVVLTests-frameworks.sh\"\n";
			showEnvVarsInLog = 0;
		};
/* End PBXShellScriptBuildPhase section */

/* Begin PBXSourcesBuildPhase section */
		C99A2D9D1F699BEF002E0C6C /* Sources */ = {
			isa = PBXSourcesBuildPhase;
			buildActionMask = 2147483647;
			files = (
				3EF797BE1F6AC80900A70DE2 /* AccountsContainerView.swift in Sources */,
				3EF797B31F6AB41100A70DE2 /* ItemsTableViewDatasource.swift in Sources */,
				3EF797AD1F6AB0E800A70DE2 /* AccountModel.swift in Sources */,
				3EF797B61F6AB4D900A70DE2 /* AccountTableCell.swift in Sources */,
				3EB8DFA21F6B148000058E6E /* AccountView.swift in Sources */,
				3EF797BC1F6AB61800A70DE2 /* ViewConfiguration.swift in Sources */,
				3EF797AB1F6AB0A600A70DE2 /* AccountsTableView.swift in Sources */,
				3EB8DF9C1F6B125900058E6E /* ColorPallete.swift in Sources */,
				3EF797B91F6AB54C00A70DE2 /* AccountRowView.swift in Sources */,
				3EB8DFA01F6B140900058E6E /* AccountDetailsViewController.swift in Sources */,
				C99A2DA51F699BEF002E0C6C /* AppDelegate.swift in Sources */,
				3EF797B71F6AB4D900A70DE2 /* AccountsDatasource.swift in Sources */,
				3EB8DF971F6B0C6A00058E6E /* ResponseModel.swift in Sources */,
				3EB8DF9E1F6B127600058E6E /* AccountsViewController.swift in Sources */,
				3EB8DF9A1F6B122400058E6E /* AppearanceProxyHelper.swift in Sources */,
			);
			runOnlyForDeploymentPostprocessing = 0;
		};
		C99A2DB11F699BEF002E0C6C /* Sources */ = {
			isa = PBXSourcesBuildPhase;
			buildActionMask = 2147483647;
			files = (
				C99A2DBA1F699BEF002E0C6C /* INGVVLTests.swift in Sources */,
				3EF797A61F6A97FA00A70DE2 /* FirstSpec.swift in Sources */,
			);
			runOnlyForDeploymentPostprocessing = 0;
		};
/* End PBXSourcesBuildPhase section */

/* Begin PBXTargetDependency section */
		C99A2DB71F699BEF002E0C6C /* PBXTargetDependency */ = {
			isa = PBXTargetDependency;
			target = C99A2DA01F699BEF002E0C6C /* INGVVL */;
			targetProxy = C99A2DB61F699BEF002E0C6C /* PBXContainerItemProxy */;
		};
/* End PBXTargetDependency section */

/* Begin PBXVariantGroup section */
		C99A2DAD1F699BEF002E0C6C /* LaunchScreen.storyboard */ = {
			isa = PBXVariantGroup;
			children = (
				C99A2DAE1F699BEF002E0C6C /* Base */,
			);
			name = LaunchScreen.storyboard;
			sourceTree = "<group>";
		};
/* End PBXVariantGroup section */

/* Begin XCBuildConfiguration section */
		C99A2DBC1F699BEF002E0C6C /* Debug */ = {
			isa = XCBuildConfiguration;
			buildSettings = {
				ALWAYS_EMBED_SWIFT_STANDARD_LIBRARIES = "$(inherited)";
				ALWAYS_SEARCH_USER_PATHS = NO;
				CLANG_ANALYZER_NONNULL = YES;
				CLANG_ANALYZER_NUMBER_OBJECT_CONVERSION = YES_AGGRESSIVE;
				CLANG_CXX_LANGUAGE_STANDARD = "gnu++0x";
				CLANG_CXX_LIBRARY = "libc++";
				CLANG_ENABLE_MODULES = YES;
				CLANG_ENABLE_OBJC_ARC = YES;
				CLANG_WARN_BOOL_CONVERSION = YES;
				CLANG_WARN_CONSTANT_CONVERSION = YES;
				CLANG_WARN_DIRECT_OBJC_ISA_USAGE = YES_ERROR;
				CLANG_WARN_DOCUMENTATION_COMMENTS = YES;
				CLANG_WARN_EMPTY_BODY = YES;
				CLANG_WARN_ENUM_CONVERSION = YES;
				CLANG_WARN_INFINITE_RECURSION = YES;
				CLANG_WARN_INT_CONVERSION = YES;
				CLANG_WARN_OBJC_ROOT_CLASS = YES_ERROR;
				CLANG_WARN_SUSPICIOUS_MOVE = YES;
				CLANG_WARN_UNREACHABLE_CODE = YES;
				CLANG_WARN__DUPLICATE_METHOD_MATCH = YES;
				"CODE_SIGN_IDENTITY[sdk=iphoneos*]" = "iPhone Developer";
				COPY_PHASE_STRIP = NO;
				DEBUG_INFORMATION_FORMAT = dwarf;
				ENABLE_STRICT_OBJC_MSGSEND = YES;
				ENABLE_TESTABILITY = YES;
				GCC_C_LANGUAGE_STANDARD = gnu99;
				GCC_DYNAMIC_NO_PIC = NO;
				GCC_NO_COMMON_BLOCKS = YES;
				GCC_OPTIMIZATION_LEVEL = 0;
				GCC_PREPROCESSOR_DEFINITIONS = (
					"DEBUG=1",
					"$(inherited)",
				);
				GCC_WARN_64_TO_32_BIT_CONVERSION = YES;
				GCC_WARN_ABOUT_RETURN_TYPE = YES_ERROR;
				GCC_WARN_UNDECLARED_SELECTOR = YES;
				GCC_WARN_UNINITIALIZED_AUTOS = YES_AGGRESSIVE;
				GCC_WARN_UNUSED_FUNCTION = YES;
				GCC_WARN_UNUSED_VARIABLE = YES;
				IPHONEOS_DEPLOYMENT_TARGET = 10.3;
				MTL_ENABLE_DEBUG_INFO = YES;
				ONLY_ACTIVE_ARCH = YES;
				SDKROOT = iphoneos;
				SWIFT_ACTIVE_COMPILATION_CONDITIONS = DEBUG;
				SWIFT_OPTIMIZATION_LEVEL = "-Onone";
				TARGETED_DEVICE_FAMILY = "1,2";
			};
			name = Debug;
		};
		C99A2DBD1F699BEF002E0C6C /* Release */ = {
			isa = XCBuildConfiguration;
			buildSettings = {
				ALWAYS_EMBED_SWIFT_STANDARD_LIBRARIES = "$(inherited)";
				ALWAYS_SEARCH_USER_PATHS = NO;
				CLANG_ANALYZER_NONNULL = YES;
				CLANG_ANALYZER_NUMBER_OBJECT_CONVERSION = YES_AGGRESSIVE;
				CLANG_CXX_LANGUAGE_STANDARD = "gnu++0x";
				CLANG_CXX_LIBRARY = "libc++";
				CLANG_ENABLE_MODULES = YES;
				CLANG_ENABLE_OBJC_ARC = YES;
				CLANG_WARN_BOOL_CONVERSION = YES;
				CLANG_WARN_CONSTANT_CONVERSION = YES;
				CLANG_WARN_DIRECT_OBJC_ISA_USAGE = YES_ERROR;
				CLANG_WARN_DOCUMENTATION_COMMENTS = YES;
				CLANG_WARN_EMPTY_BODY = YES;
				CLANG_WARN_ENUM_CONVERSION = YES;
				CLANG_WARN_INFINITE_RECURSION = YES;
				CLANG_WARN_INT_CONVERSION = YES;
				CLANG_WARN_OBJC_ROOT_CLASS = YES_ERROR;
				CLANG_WARN_SUSPICIOUS_MOVE = YES;
				CLANG_WARN_UNREACHABLE_CODE = YES;
				CLANG_WARN__DUPLICATE_METHOD_MATCH = YES;
				"CODE_SIGN_IDENTITY[sdk=iphoneos*]" = "iPhone Developer";
				COPY_PHASE_STRIP = NO;
				DEBUG_INFORMATION_FORMAT = "dwarf-with-dsym";
				ENABLE_NS_ASSERTIONS = NO;
				ENABLE_STRICT_OBJC_MSGSEND = YES;
				GCC_C_LANGUAGE_STANDARD = gnu99;
				GCC_NO_COMMON_BLOCKS = YES;
				GCC_WARN_64_TO_32_BIT_CONVERSION = YES;
				GCC_WARN_ABOUT_RETURN_TYPE = YES_ERROR;
				GCC_WARN_UNDECLARED_SELECTOR = YES;
				GCC_WARN_UNINITIALIZED_AUTOS = YES_AGGRESSIVE;
				GCC_WARN_UNUSED_FUNCTION = YES;
				GCC_WARN_UNUSED_VARIABLE = YES;
				IPHONEOS_DEPLOYMENT_TARGET = 10.3;
				MTL_ENABLE_DEBUG_INFO = NO;
				SDKROOT = iphoneos;
				SWIFT_OPTIMIZATION_LEVEL = "-Owholemodule";
				TARGETED_DEVICE_FAMILY = "1,2";
				VALIDATE_PRODUCT = YES;
			};
			name = Release;
		};
		C99A2DBF1F699BEF002E0C6C /* Debug */ = {
			isa = XCBuildConfiguration;
			baseConfigurationReference = 3A21D4E4F019F3CC8F1A2C94 /* Pods-INGVVL.debug.xcconfig */;
			buildSettings = {
				ALWAYS_EMBED_SWIFT_STANDARD_LIBRARIES = "$(inherited)";
				ASSETCATALOG_COMPILER_APPICON_NAME = AppIcon;
				DEVELOPMENT_TEAM = "";
				INFOPLIST_FILE = INGVVL/Info.plist;
				IPHONEOS_DEPLOYMENT_TARGET = 8.0;
				LD_RUNPATH_SEARCH_PATHS = "$(inherited) @executable_path/Frameworks";
				PRODUCT_BUNDLE_IDENTIFIER = io.github.vitorventurin.INGVVL;
				PRODUCT_NAME = "$(TARGET_NAME)";
				PROVISIONING_PROFILE_SPECIFIER = "";
				SWIFT_VERSION = 3.0;
			};
			name = Debug;
		};
		C99A2DC01F699BEF002E0C6C /* Release */ = {
			isa = XCBuildConfiguration;
			baseConfigurationReference = A720CEB17638E58AD829E76D /* Pods-INGVVL.release.xcconfig */;
			buildSettings = {
				ALWAYS_EMBED_SWIFT_STANDARD_LIBRARIES = "$(inherited)";
				ASSETCATALOG_COMPILER_APPICON_NAME = AppIcon;
				DEVELOPMENT_TEAM = "";
				INFOPLIST_FILE = INGVVL/Info.plist;
				IPHONEOS_DEPLOYMENT_TARGET = 8.0;
				LD_RUNPATH_SEARCH_PATHS = "$(inherited) @executable_path/Frameworks";
				PRODUCT_BUNDLE_IDENTIFIER = io.github.vitorventurin.INGVVL;
				PRODUCT_NAME = "$(TARGET_NAME)";
				PROVISIONING_PROFILE_SPECIFIER = "";
				SWIFT_VERSION = 3.0;
			};
			name = Release;
		};
		C99A2DC21F699BEF002E0C6C /* Debug */ = {
			isa = XCBuildConfiguration;
			baseConfigurationReference = 143045DF6E73F992218A27FE /* Pods-INGVVL-Tests-INGVVLTests.debug.xcconfig */;
			buildSettings = {
				ALWAYS_EMBED_SWIFT_STANDARD_LIBRARIES = "$(inherited)";
				BUNDLE_LOADER = "$(TEST_HOST)";
				DEVELOPMENT_TEAM = "";
				INFOPLIST_FILE = INGVVLTests/Info.plist;
				LD_RUNPATH_SEARCH_PATHS = "$(inherited) @executable_path/Frameworks @loader_path/Frameworks";
				PRODUCT_BUNDLE_IDENTIFIER = io.github.vitorventurin.INGVVLTests;
				PRODUCT_NAME = "$(TARGET_NAME)";
				PROVISIONING_PROFILE_SPECIFIER = "";
				SWIFT_VERSION = 3.0;
				TEST_HOST = "$(BUILT_PRODUCTS_DIR)/INGVVL.app/INGVVL";
			};
			name = Debug;
		};
		C99A2DC31F699BEF002E0C6C /* Release */ = {
			isa = XCBuildConfiguration;
			baseConfigurationReference = D875C0371D2B85954B85C417 /* Pods-INGVVL-Tests-INGVVLTests.release.xcconfig */;
			buildSettings = {
				ALWAYS_EMBED_SWIFT_STANDARD_LIBRARIES = "$(inherited)";
				BUNDLE_LOADER = "$(TEST_HOST)";
				DEVELOPMENT_TEAM = "";
				INFOPLIST_FILE = INGVVLTests/Info.plist;
				LD_RUNPATH_SEARCH_PATHS = "$(inherited) @executable_path/Frameworks @loader_path/Frameworks";
				PRODUCT_BUNDLE_IDENTIFIER = io.github.vitorventurin.INGVVLTests;
				PRODUCT_NAME = "$(TARGET_NAME)";
				PROVISIONING_PROFILE_SPECIFIER = "";
				SWIFT_VERSION = 3.0;
				TEST_HOST = "$(BUILT_PRODUCTS_DIR)/INGVVL.app/INGVVL";
			};
			name = Release;
		};
/* End XCBuildConfiguration section */

/* Begin XCConfigurationList section */
		C99A2D9C1F699BEF002E0C6C /* Build configuration list for PBXProject "INGVVL" */ = {
			isa = XCConfigurationList;
			buildConfigurations = (
				C99A2DBC1F699BEF002E0C6C /* Debug */,
				C99A2DBD1F699BEF002E0C6C /* Release */,
			);
			defaultConfigurationIsVisible = 0;
			defaultConfigurationName = Release;
		};
		C99A2DBE1F699BEF002E0C6C /* Build configuration list for PBXNativeTarget "INGVVL" */ = {
			isa = XCConfigurationList;
			buildConfigurations = (
				C99A2DBF1F699BEF002E0C6C /* Debug */,
				C99A2DC01F699BEF002E0C6C /* Release */,
			);
			defaultConfigurationIsVisible = 0;
			defaultConfigurationName = Release;
		};
		C99A2DC11F699BEF002E0C6C /* Build configuration list for PBXNativeTarget "INGVVLTests" */ = {
			isa = XCConfigurationList;
			buildConfigurations = (
				C99A2DC21F699BEF002E0C6C /* Debug */,
				C99A2DC31F699BEF002E0C6C /* Release */,
			);
			defaultConfigurationIsVisible = 0;
			defaultConfigurationName = Release;
		};
/* End XCConfigurationList section */
	};
	rootObject = C99A2D991F699BEF002E0C6C /* Project object */;
}
